
Microsoft Visual Studio Solution File, Format Version 12.00
# Visual Studio Version 17
VisualStudioVersion = 17.3.32825.248
MinimumVisualStudioVersion = 10.0.40219.1
Project("{9A19103F-16F7-4668-BE54-9A1E7A4F7556}") = "pz_5", "pz_5\pz_5.csproj", "{089375DE-F714-4C7F-A17C-F6B3E93D620D}"
EndProject
Project("{9A19103F-16F7-4668-BE54-9A1E7A4F7556}") = "pz_6", "pz_6\pz_6.csproj", "{7F157EC6-5ED1-4476-8825-08E47149F3B7}"
EndProject
Project("{9A19103F-16F7-4668-BE54-9A1E7A4F7556}") = "pz_7", "pz_7\pz_7.csproj", "{8772CABC-9641-46D9-BF73-8D97D2DCD99A}"
EndProject
Project("{9A19103F-16F7-4668-BE54-9A1E7A4F7556}") = "pz_8", "pz_8\pz_8.csproj", "{6BA137C4-92BA-4348-B9EE-05121C061266}"
EndProject
Project("{9A19103F-16F7-4668-BE54-9A1E7A4F7556}") = "pz_9", "pz_9\pz_9.csproj", "{0BB1A2A4-8C8A-4DEA-B92E-664C9D4F182E}"
EndProject
Project("{9A19103F-16F7-4668-BE54-9A1E7A4F7556}") = "pz_10", "pz_10\pz_10.csproj", "{B58B1AE3-5307-46EF-985A-69A1539A7583}"
EndProject
Project("{9A19103F-16F7-4668-BE54-9A1E7A4F7556}") = "pz_11", "pz_11\pz_11.csproj", "{74581AC1-246D-4A3A-83F0-5F92F72035FF}"
EndProject
Project("{9A19103F-16F7-4668-BE54-9A1E7A4F7556}") = "pz_14", "pz_14\pz_14.csproj", "{493BEA4B-1A1F-4796-8D9C-1A8CA8B4DFB8}"
EndProject
Project("{9A19103F-16F7-4668-BE54-9A1E7A4F7556}") = "pz17", "pz17\pz17.csproj", "{2DA858DF-2FC5-4007-A62E-43CA1467832D}"
EndProject
Project("{9A19103F-16F7-4668-BE54-9A1E7A4F7556}") = "pz_18", "pz_18\pz_18.csproj", "{C0F18D78-409E-4451-802C-DEAE89EBBC8A}"
EndProject
Project("{9A19103F-16F7-4668-BE54-9A1E7A4F7556}") = "pz_12", "pz_12\pz_12.csproj", "{8EB6FD17-9A9B-45DA-8167-649D3F4119F9}"
EndProject
Project("{9A19103F-16F7-4668-BE54-9A1E7A4F7556}") = "pz_13", "pz_13\pz_13.csproj", "{250A1364-5D17-4866-BE03-834FB1FD6B06}"
EndProject
Project("{9A19103F-16F7-4668-BE54-9A1E7A4F7556}") = "pz_19", "pz_19\pz_19.csproj", "{081D094B-B834-4ADA-AA50-58FDF5F5C9A2}"
EndProject
Project("{9A19103F-16F7-4668-BE54-9A1E7A4F7556}") = "pz_20", "pz_20\pz_20.csproj", "{950153FF-648A-4AE4-9CDB-EBF891A44317}"
EndProject
Project("{9A19103F-16F7-4668-BE54-9A1E7A4F7556}") = "pz_21", "pz_21\pz_21.csproj", "{D7CFCBB8-4E56-4475-8B0E-E3B7D196ED7C}"
EndProject
Project("{9A19103F-16F7-4668-BE54-9A1E7A4F7556}") = "pz_22", "pz_22\pz_22.csproj", "{2AFCFBE8-A3F8-4E15-B1EC-8C05114343A6}"
EndProject
Project("{9A19103F-16F7-4668-BE54-9A1E7A4F7556}") = "pz_23", "pz_23\pz_23.csproj", "{2721D6C1-BA80-4479-837E-BC8347DB0C5D}"
EndProject
Project("{9A19103F-16F7-4668-BE54-9A1E7A4F7556}") = "pz_24", "pz_24\pz_24.csproj", "{8EA09B30-4939-46EF-9391-60E1AE556688}"
EndProject
Project("{9A19103F-16F7-4668-BE54-9A1E7A4F7556}") = "pz_25", "pz_25\pz_25.csproj", "{84B30363-B966-4ED3-AE60-96BFC01D7090}"
EndProject
Project("{FAE04EC0-301F-11D3-BF4B-00C04F79EFBC}") = "pz_26", "pz_26\pz_26.csproj", "{503912F1-57F4-4DF7-A0AC-8387A6EADAFD}"
EndProject
Global
	GlobalSection(SolutionConfigurationPlatforms) = preSolution
		Debug|Any CPU = Debug|Any CPU
		Release|Any CPU = Release|Any CPU
	EndGlobalSection
	GlobalSection(ProjectConfigurationPlatforms) = postSolution
		{089375DE-F714-4C7F-A17C-F6B3E93D620D}.Debug|Any CPU.ActiveCfg = Debug|Any CPU
		{089375DE-F714-4C7F-A17C-F6B3E93D620D}.Debug|Any CPU.Build.0 = Debug|Any CPU
		{089375DE-F714-4C7F-A17C-F6B3E93D620D}.Release|Any CPU.ActiveCfg = Release|Any CPU
		{089375DE-F714-4C7F-A17C-F6B3E93D620D}.Release|Any CPU.Build.0 = Release|Any CPU
		{7F157EC6-5ED1-4476-8825-08E47149F3B7}.Debug|Any CPU.ActiveCfg = Debug|Any CPU
		{7F157EC6-5ED1-4476-8825-08E47149F3B7}.Debug|Any CPU.Build.0 = Debug|Any CPU
		{7F157EC6-5ED1-4476-8825-08E47149F3B7}.Release|Any CPU.ActiveCfg = Release|Any CPU
		{7F157EC6-5ED1-4476-8825-08E47149F3B7}.Release|Any CPU.Build.0 = Release|Any CPU
		{8772CABC-9641-46D9-BF73-8D97D2DCD99A}.Debug|Any CPU.ActiveCfg = Debug|Any CPU
		{8772CABC-9641-46D9-BF73-8D97D2DCD99A}.Debug|Any CPU.Build.0 = Debug|Any CPU
		{8772CABC-9641-46D9-BF73-8D97D2DCD99A}.Release|Any CPU.ActiveCfg = Release|Any CPU
		{8772CABC-9641-46D9-BF73-8D97D2DCD99A}.Release|Any CPU.Build.0 = Release|Any CPU
		{6BA137C4-92BA-4348-B9EE-05121C061266}.Debug|Any CPU.ActiveCfg = Debug|Any CPU
		{6BA137C4-92BA-4348-B9EE-05121C061266}.Debug|Any CPU.Build.0 = Debug|Any CPU
		{6BA137C4-92BA-4348-B9EE-05121C061266}.Release|Any CPU.ActiveCfg = Release|Any CPU
		{6BA137C4-92BA-4348-B9EE-05121C061266}.Release|Any CPU.Build.0 = Release|Any CPU
		{0BB1A2A4-8C8A-4DEA-B92E-664C9D4F182E}.Debug|Any CPU.ActiveCfg = Debug|Any CPU
		{0BB1A2A4-8C8A-4DEA-B92E-664C9D4F182E}.Debug|Any CPU.Build.0 = Debug|Any CPU
		{0BB1A2A4-8C8A-4DEA-B92E-664C9D4F182E}.Release|Any CPU.ActiveCfg = Release|Any CPU
		{0BB1A2A4-8C8A-4DEA-B92E-664C9D4F182E}.Release|Any CPU.Build.0 = Release|Any CPU
		{B58B1AE3-5307-46EF-985A-69A1539A7583}.Debug|Any CPU.ActiveCfg = Debug|Any CPU
		{B58B1AE3-5307-46EF-985A-69A1539A7583}.Debug|Any CPU.Build.0 = Debug|Any CPU
		{B58B1AE3-5307-46EF-985A-69A1539A7583}.Release|Any CPU.ActiveCfg = Release|Any CPU
		{B58B1AE3-5307-46EF-985A-69A1539A7583}.Release|Any CPU.Build.0 = Release|Any CPU
		{74581AC1-246D-4A3A-83F0-5F92F72035FF}.Debug|Any CPU.ActiveCfg = Debug|Any CPU
		{74581AC1-246D-4A3A-83F0-5F92F72035FF}.Debug|Any CPU.Build.0 = Debug|Any CPU
		{74581AC1-246D-4A3A-83F0-5F92F72035FF}.Release|Any CPU.ActiveCfg = Release|Any CPU
		{74581AC1-246D-4A3A-83F0-5F92F72035FF}.Release|Any CPU.Build.0 = Release|Any CPU
		{493BEA4B-1A1F-4796-8D9C-1A8CA8B4DFB8}.Debug|Any CPU.ActiveCfg = Debug|Any CPU
		{493BEA4B-1A1F-4796-8D9C-1A8CA8B4DFB8}.Debug|Any CPU.Build.0 = Debug|Any CPU
		{493BEA4B-1A1F-4796-8D9C-1A8CA8B4DFB8}.Release|Any CPU.ActiveCfg = Release|Any CPU
		{493BEA4B-1A1F-4796-8D9C-1A8CA8B4DFB8}.Release|Any CPU.Build.0 = Release|Any CPU
		{2DA858DF-2FC5-4007-A62E-43CA1467832D}.Debug|Any CPU.ActiveCfg = Debug|Any CPU
		{2DA858DF-2FC5-4007-A62E-43CA1467832D}.Debug|Any CPU.Build.0 = Debug|Any CPU
		{2DA858DF-2FC5-4007-A62E-43CA1467832D}.Release|Any CPU.ActiveCfg = Release|Any CPU
		{2DA858DF-2FC5-4007-A62E-43CA1467832D}.Release|Any CPU.Build.0 = Release|Any CPU
		{C0F18D78-409E-4451-802C-DEAE89EBBC8A}.Debug|Any CPU.ActiveCfg = Debug|Any CPU
		{C0F18D78-409E-4451-802C-DEAE89EBBC8A}.Debug|Any CPU.Build.0 = Debug|Any CPU
		{C0F18D78-409E-4451-802C-DEAE89EBBC8A}.Release|Any CPU.ActiveCfg = Release|Any CPU
		{C0F18D78-409E-4451-802C-DEAE89EBBC8A}.Release|Any CPU.Build.0 = Release|Any CPU
		{8EB6FD17-9A9B-45DA-8167-649D3F4119F9}.Debug|Any CPU.ActiveCfg = Debug|Any CPU
		{8EB6FD17-9A9B-45DA-8167-649D3F4119F9}.Debug|Any CPU.Build.0 = Debug|Any CPU
		{8EB6FD17-9A9B-45DA-8167-649D3F4119F9}.Release|Any CPU.ActiveCfg = Release|Any CPU
		{8EB6FD17-9A9B-45DA-8167-649D3F4119F9}.Release|Any CPU.Build.0 = Release|Any CPU
		{250A1364-5D17-4866-BE03-834FB1FD6B06}.Debug|Any CPU.ActiveCfg = Debug|Any CPU
		{250A1364-5D17-4866-BE03-834FB1FD6B06}.Debug|Any CPU.Build.0 = Debug|Any CPU
		{250A1364-5D17-4866-BE03-834FB1FD6B06}.Release|Any CPU.ActiveCfg = Release|Any CPU
		{250A1364-5D17-4866-BE03-834FB1FD6B06}.Release|Any CPU.Build.0 = Release|Any CPU
		{081D094B-B834-4ADA-AA50-58FDF5F5C9A2}.Debug|Any CPU.ActiveCfg = Debug|Any CPU
		{081D094B-B834-4ADA-AA50-58FDF5F5C9A2}.Debug|Any CPU.Build.0 = Debug|Any CPU
		{081D094B-B834-4ADA-AA50-58FDF5F5C9A2}.Release|Any CPU.ActiveCfg = Release|Any CPU
		{081D094B-B834-4ADA-AA50-58FDF5F5C9A2}.Release|Any CPU.Build.0 = Release|Any CPU
		{950153FF-648A-4AE4-9CDB-EBF891A44317}.Debug|Any CPU.ActiveCfg = Debug|Any CPU
		{950153FF-648A-4AE4-9CDB-EBF891A44317}.Debug|Any CPU.Build.0 = Debug|Any CPU
		{950153FF-648A-4AE4-9CDB-EBF891A44317}.Release|Any CPU.ActiveCfg = Release|Any CPU
		{950153FF-648A-4AE4-9CDB-EBF891A44317}.Release|Any CPU.Build.0 = Release|Any CPU
		{D7CFCBB8-4E56-4475-8B0E-E3B7D196ED7C}.Debug|Any CPU.ActiveCfg = Debug|Any CPU
		{D7CFCBB8-4E56-4475-8B0E-E3B7D196ED7C}.Debug|Any CPU.Build.0 = Debug|Any CPU
		{D7CFCBB8-4E56-4475-8B0E-E3B7D196ED7C}.Release|Any CPU.ActiveCfg = Release|Any CPU
		{D7CFCBB8-4E56-4475-8B0E-E3B7D196ED7C}.Release|Any CPU.Build.0 = Release|Any CPU
		{2AFCFBE8-A3F8-4E15-B1EC-8C05114343A6}.Debug|Any CPU.ActiveCfg = Debug|Any CPU
		{2AFCFBE8-A3F8-4E15-B1EC-8C05114343A6}.Debug|Any CPU.Build.0 = Debug|Any CPU
		{2AFCFBE8-A3F8-4E15-B1EC-8C05114343A6}.Release|Any CPU.ActiveCfg = Release|Any CPU
		{2AFCFBE8-A3F8-4E15-B1EC-8C05114343A6}.Release|Any CPU.Build.0 = Release|Any CPU
		{2721D6C1-BA80-4479-837E-BC8347DB0C5D}.Debug|Any CPU.ActiveCfg = Debug|Any CPU
		{2721D6C1-BA80-4479-837E-BC8347DB0C5D}.Debug|Any CPU.Build.0 = Debug|Any CPU
		{2721D6C1-BA80-4479-837E-BC8347DB0C5D}.Release|Any CPU.ActiveCfg = Release|Any CPU
		{2721D6C1-BA80-4479-837E-BC8347DB0C5D}.Release|Any CPU.Build.0 = Release|Any CPU
		{8EA09B30-4939-46EF-9391-60E1AE556688}.Debug|Any CPU.ActiveCfg = Debug|Any CPU
		{8EA09B30-4939-46EF-9391-60E1AE556688}.Debug|Any CPU.Build.0 = Debug|Any CPU
		{8EA09B30-4939-46EF-9391-60E1AE556688}.Release|Any CPU.ActiveCfg = Release|Any CPU
		{8EA09B30-4939-46EF-9391-60E1AE556688}.Release|Any CPU.Build.0 = Release|Any CPU
		{84B30363-B966-4ED3-AE60-96BFC01D7090}.Debug|Any CPU.ActiveCfg = Debug|Any CPU
		{84B30363-B966-4ED3-AE60-96BFC01D7090}.Debug|Any CPU.Build.0 = Debug|Any CPU
		{84B30363-B966-4ED3-AE60-96BFC01D7090}.Release|Any CPU.ActiveCfg = Release|Any CPU
		{84B30363-B966-4ED3-AE60-96BFC01D7090}.Release|Any CPU.Build.0 = Release|Any CPU
		{503912F1-57F4-4DF7-A0AC-8387A6EADAFD}.Debug|Any CPU.ActiveCfg = Debug|Any CPU
		{503912F1-57F4-4DF7-A0AC-8387A6EADAFD}.Debug|Any CPU.Build.0 = Debug|Any CPU
		{503912F1-57F4-4DF7-A0AC-8387A6EADAFD}.Release|Any CPU.ActiveCfg = Release|Any CPU
		{503912F1-57F4-4DF7-A0AC-8387A6EADAFD}.Release|Any CPU.Build.0 = Release|Any CPU
	EndGlobalSection
	GlobalSection(SolutionProperties) = preSolution
		HideSolutionNode = FALSE
	EndGlobalSection
	GlobalSection(ExtensibilityGlobals) = postSolution
		SolutionGuid = {36616C76-5C3A-49E6-8EA0-5942CE5E77CD}
	EndGlobalSection
EndGlobal
