
Microsoft Visual Studio Solution File, Format Version 12.00
# Visual Studio Version 17
VisualStudioVersion = 17.3.32825.248
MinimumVisualStudioVersion = 10.0.40219.1
Project("{9A19103F-16F7-4668-BE54-9A1E7A4F7556}") = "pz_5", "pz_5\pz_5.csproj", "{089375DE-F714-4C7F-A17C-F6B3E93D620D}"
EndProject
Project("{FAE04EC0-301F-11D3-BF4B-00C04F79EFBC}") = "pz_6", "pz_6\pz_6.csproj", "{7F157EC6-5ED1-4476-8825-08E47149F3B7}"
EndProject
Global
	GlobalSection(SolutionConfigurationPlatforms) = preSolution
		Debug|Any CPU = Debug|Any CPU
		Release|Any CPU = Release|Any CPU
	EndGlobalSection
	GlobalSection(ProjectConfigurationPlatforms) = postSolution
		{089375DE-F714-4C7F-A17C-F6B3E93D620D}.Debug|Any CPU.ActiveCfg = Debug|Any CPU
		{089375DE-F714-4C7F-A17C-F6B3E93D620D}.Debug|Any CPU.Build.0 = Debug|Any CPU
		{089375DE-F714-4C7F-A17C-F6B3E93D620D}.Release|Any CPU.ActiveCfg = Release|Any CPU
		{089375DE-F714-4C7F-A17C-F6B3E93D620D}.Release|Any CPU.Build.0 = Release|Any CPU
		{7F157EC6-5ED1-4476-8825-08E47149F3B7}.Debug|Any CPU.ActiveCfg = Debug|Any CPU
		{7F157EC6-5ED1-4476-8825-08E47149F3B7}.Debug|Any CPU.Build.0 = Debug|Any CPU
		{7F157EC6-5ED1-4476-8825-08E47149F3B7}.Release|Any CPU.ActiveCfg = Release|Any CPU
		{7F157EC6-5ED1-4476-8825-08E47149F3B7}.Release|Any CPU.Build.0 = Release|Any CPU
	EndGlobalSection
	GlobalSection(SolutionProperties) = preSolution
		HideSolutionNode = FALSE
	EndGlobalSection
	GlobalSection(ExtensibilityGlobals) = postSolution
		SolutionGuid = {36616C76-5C3A-49E6-8EA0-5942CE5E77CD}
	EndGlobalSection
EndGlobal
